
Microsoft Visual Studio Solution File, Format Version 12.00
# Visual Studio Version 17
VisualStudioVersion = 17.0.31903.59
MinimumVisualStudioVersion = 10.0.40219.1
Project("{2150E333-8FDC-42A3-9474-1A3956D46DE8}") = "src", "src", "{93DC2364-027F-43F2-8783-9843C0FDD6C7}"
EndProject
Project("{FAE04EC0-301F-11D3-BF4B-00C04F79EFBC}") = "MesaSitec.Api", "src\MesaSitec.Api\MesaSitec.Api.csproj", "{5DBDF9BE-E933-41C0-AC0B-BFEB21855F88}"
EndProject
Project("{FAE04EC0-301F-11D3-BF4B-00C04F79EFBC}") = "MesaSitec.Aplicacion", "src\MesaSitec.Aplicacion\MesaSitec.Aplicacion.csproj", "{5246243B-EC88-4EF8-9515-6078AFF84BE6}"
EndProject
Project("{FAE04EC0-301F-11D3-BF4B-00C04F79EFBC}") = "MesaSitec.Dominio", "src\MesaSitec.Dominio\MesaSitec.Dominio.csproj", "{C1463409-AB05-4AF5-8948-299DB7FC76BF}"
EndProject
Project("{FAE04EC0-301F-11D3-BF4B-00C04F79EFBC}") = "MesaSitec.Infraestructura", "src\MesaSitec.Infraestructura\MesaSitec.Infraestructura.csproj", "{DC4810A1-E761-4BA2-BC4E-139D80E34A3B}"
EndProject
Project("{2150E333-8FDC-42A3-9474-1A3956D46DE8}") = "tests", "tests", "{E840BE04-666C-4F1A-9A16-9E79B8BF12E8}"
EndProject
Project("{FAE04EC0-301F-11D3-BF4B-00C04F79EFBC}") = "MesaSitec.UnitTests", "tests\MesaSitec.UnitTests\MesaSitec.UnitTests.csproj", "{24CAA82A-7A8C-4D00-93EB-0217FB24B146}"
EndProject
Global
	GlobalSection(SolutionConfigurationPlatforms) = preSolution
		Debug|Any CPU = Debug|Any CPU
		Release|Any CPU = Release|Any CPU
	EndGlobalSection
	GlobalSection(SolutionProperties) = preSolution
		HideSolutionNode = FALSE
	EndGlobalSection
	GlobalSection(ProjectConfigurationPlatforms) = postSolution
		{5DBDF9BE-E933-41C0-AC0B-BFEB21855F88}.Debug|Any CPU.ActiveCfg = Debug|Any CPU
		{5DBDF9BE-E933-41C0-AC0B-BFEB21855F88}.Debug|Any CPU.Build.0 = Debug|Any CPU
		{5DBDF9BE-E933-41C0-AC0B-BFEB21855F88}.Release|Any CPU.ActiveCfg = Release|Any CPU
		{5DBDF9BE-E933-41C0-AC0B-BFEB21855F88}.Release|Any CPU.Build.0 = Release|Any CPU
		{5246243B-EC88-4EF8-9515-6078AFF84BE6}.Debug|Any CPU.ActiveCfg = Debug|Any CPU
		{5246243B-EC88-4EF8-9515-6078AFF84BE6}.Debug|Any CPU.Build.0 = Debug|Any CPU
		{5246243B-EC88-4EF8-9515-6078AFF84BE6}.Release|Any CPU.ActiveCfg = Release|Any CPU
		{5246243B-EC88-4EF8-9515-6078AFF84BE6}.Release|Any CPU.Build.0 = Release|Any CPU
		{C1463409-AB05-4AF5-8948-299DB7FC76BF}.Debug|Any CPU.ActiveCfg = Debug|Any CPU
		{C1463409-AB05-4AF5-8948-299DB7FC76BF}.Debug|Any CPU.Build.0 = Debug|Any CPU
		{C1463409-AB05-4AF5-8948-299DB7FC76BF}.Release|Any CPU.ActiveCfg = Release|Any CPU
		{C1463409-AB05-4AF5-8948-299DB7FC76BF}.Release|Any CPU.Build.0 = Release|Any CPU
		{DC4810A1-E761-4BA2-BC4E-139D80E34A3B}.Debug|Any CPU.ActiveCfg = Debug|Any CPU
		{DC4810A1-E761-4BA2-BC4E-139D80E34A3B}.Debug|Any CPU.Build.0 = Debug|Any CPU
		{DC4810A1-E761-4BA2-BC4E-139D80E34A3B}.Release|Any CPU.ActiveCfg = Release|Any CPU
		{DC4810A1-E761-4BA2-BC4E-139D80E34A3B}.Release|Any CPU.Build.0 = Release|Any CPU
		{24CAA82A-7A8C-4D00-93EB-0217FB24B146}.Debug|Any CPU.ActiveCfg = Debug|Any CPU
		{24CAA82A-7A8C-4D00-93EB-0217FB24B146}.Debug|Any CPU.Build.0 = Debug|Any CPU
		{24CAA82A-7A8C-4D00-93EB-0217FB24B146}.Release|Any CPU.ActiveCfg = Release|Any CPU
		{24CAA82A-7A8C-4D00-93EB-0217FB24B146}.Release|Any CPU.Build.0 = Release|Any CPU
	EndGlobalSection
	GlobalSection(NestedProjects) = preSolution
		{5DBDF9BE-E933-41C0-AC0B-BFEB21855F88} = {93DC2364-027F-43F2-8783-9843C0FDD6C7}
		{5246243B-EC88-4EF8-9515-6078AFF84BE6} = {93DC2364-027F-43F2-8783-9843C0FDD6C7}
		{C1463409-AB05-4AF5-8948-299DB7FC76BF} = {93DC2364-027F-43F2-8783-9843C0FDD6C7}
		{DC4810A1-E761-4BA2-BC4E-139D80E34A3B} = {93DC2364-027F-43F2-8783-9843C0FDD6C7}
		{24CAA82A-7A8C-4D00-93EB-0217FB24B146} = {E840BE04-666C-4F1A-9A16-9E79B8BF12E8}
	EndGlobalSection
EndGlobal
